// !$*UTF8*$!
{
	archiveVersion = 1;
	classes = {
	};
	objectVersion = 46;
	objects = {

/* Begin PBXBuildFile section */
		84E7EC931AF9DA0000E1473E /* main.m in Sources */ = {isa = PBXBuildFile; fileRef = 84E7EC921AF9DA0000E1473E /* main.m */; };
		84E7EC961AF9DA0000E1473E /* AppDelegate.m in Sources */ = {isa = PBXBuildFile; fileRef = 84E7EC951AF9DA0000E1473E /* AppDelegate.m */; };
		84E7EC991AF9DA0000E1473E /* ViewController.m in Sources */ = {isa = PBXBuildFile; fileRef = 84E7EC981AF9DA0000E1473E /* ViewController.m */; };
		84E7EC9E1AF9DA0000E1473E /* Images.xcassets in Resources */ = {isa = PBXBuildFile; fileRef = 84E7EC9D1AF9DA0000E1473E /* Images.xcassets */; };
		84E7ECA11AF9DA0000E1473E /* LaunchScreen.xib in Resources */ = {isa = PBXBuildFile; fileRef = 84E7EC9F1AF9DA0000E1473E /* LaunchScreen.xib */; };
		84E7ECAD1AF9DA0000E1473E /* ParserTests.m in Sources */ = {isa = PBXBuildFile; fileRef = 84E7ECAC1AF9DA0000E1473E /* ParserTests.m */; };
		84E7ECB91AF9DAB900E1473E /* ParserTableViewController.m in Sources */ = {isa = PBXBuildFile; fileRef = 84E7ECB71AF9DAB900E1473E /* ParserTableViewController.m */; };
		84E7ECBA1AF9DAB900E1473E /* ParserTableViewController.xib in Resources */ = {isa = PBXBuildFile; fileRef = 84E7ECB81AF9DAB900E1473E /* ParserTableViewController.xib */; };
/* End PBXBuildFile section */

/* Begin PBXContainerItemProxy section */
		84E7ECA71AF9DA0000E1473E /* PBXContainerItemProxy */ = {
			isa = PBXContainerItemProxy;
			containerPortal = 84E7EC851AF9DA0000E1473E /* Project object */;
			proxyType = 1;
			remoteGlobalIDString = 84E7EC8C1AF9DA0000E1473E;
			remoteInfo = Parser;
		};
/* End PBXContainerItemProxy section */

/* Begin PBXFileReference section */
		84E7EC8D1AF9DA0000E1473E /* Parser.app */ = {isa = PBXFileReference; explicitFileType = wrapper.application; includeInIndex = 0; path = Parser.app; sourceTree = BUILT_PRODUCTS_DIR; };
		84E7EC911AF9DA0000E1473E /* Info.plist */ = {isa = PBXFileReference; lastKnownFileType = text.plist.xml; path = Info.plist; sourceTree = "<group>"; };
		84E7EC921AF9DA0000E1473E /* main.m */ = {isa = PBXFileReference; lastKnownFileType = sourcecode.c.objc; path = main.m; sourceTree = "<group>"; };
		84E7EC941AF9DA0000E1473E /* AppDelegate.h */ = {isa = PBXFileReference; lastKnownFileType = sourcecode.c.h; path = AppDelegate.h; sourceTree = "<group>"; };
		84E7EC951AF9DA0000E1473E /* AppDelegate.m */ = {isa = PBXFileReference; lastKnownFileType = sourcecode.c.objc; path = AppDelegate.m; sourceTree = "<group>"; };
		84E7EC971AF9DA0000E1473E /* ViewController.h */ = {isa = PBXFileReference; lastKnownFileType = sourcecode.c.h; path = ViewController.h; sourceTree = "<group>"; };
		84E7EC981AF9DA0000E1473E /* ViewController.m */ = {isa = PBXFileReference; lastKnownFileType = sourcecode.c.objc; path = ViewController.m; sourceTree = "<group>"; };
		84E7EC9D1AF9DA0000E1473E /* Images.xcassets */ = {isa = PBXFileReference; lastKnownFileType = folder.assetcatalog; path = Images.xcassets; sourceTree = "<group>"; };
		84E7ECA01AF9DA0000E1473E /* Base */ = {isa = PBXFileReference; lastKnownFileType = file.xib; name = Base; path = Base.lproj/LaunchScreen.xib; sourceTree = "<group>"; };
		84E7ECA61AF9DA0000E1473E /* ParserTests.xctest */ = {isa = PBXFileReference; explicitFileType = wrapper.cfbundle; includeInIndex = 0; path = ParserTests.xctest; sourceTree = BUILT_PRODUCTS_DIR; };
		84E7ECAB1AF9DA0000E1473E /* Info.plist */ = {isa = PBXFileReference; lastKnownFileType = text.plist.xml; path = Info.plist; sourceTree = "<group>"; };
		84E7ECAC1AF9DA0000E1473E /* ParserTests.m */ = {isa = PBXFileReference; lastKnownFileType = sourcecode.c.objc; path = ParserTests.m; sourceTree = "<group>"; };
		84E7ECB61AF9DAB900E1473E /* ParserTableViewController.h */ = {isa = PBXFileReference; fileEncoding = 4; lastKnownFileType = sourcecode.c.h; path = ParserTableViewController.h; sourceTree = "<group>"; };
		84E7ECB71AF9DAB900E1473E /* ParserTableViewController.m */ = {isa = PBXFileReference; fileEncoding = 4; lastKnownFileType = sourcecode.c.objc; path = ParserTableViewController.m; sourceTree = "<group>"; };
		84E7ECB81AF9DAB900E1473E /* ParserTableViewController.xib */ = {isa = PBXFileReference; fileEncoding = 4; lastKnownFileType = file.xib; path = ParserTableViewController.xib; sourceTree = "<group>"; };
/* End PBXFileReference section */

/* Begin PBXFrameworksBuildPhase section */
		84E7EC8A1AF9DA0000E1473E /* Frameworks */ = {
			isa = PBXFrameworksBuildPhase;
			buildActionMask = 2147483647;
			files = (
			);
			runOnlyForDeploymentPostprocessing = 0;
		};
		84E7ECA31AF9DA0000E1473E /* Frameworks */ = {
			isa = PBXFrameworksBuildPhase;
			buildActionMask = 2147483647;
			files = (
			);
			runOnlyForDeploymentPostprocessing = 0;
		};
/* End PBXFrameworksBuildPhase section */

/* Begin PBXGroup section */
		84E7EC841AF9DA0000E1473E = {
			isa = PBXGroup;
			children = (
				84E7EC8F1AF9DA0000E1473E /* Parser */,
				84E7ECA91AF9DA0000E1473E /* ParserTests */,
				84E7EC8E1AF9DA0000E1473E /* Products */,
			);
			sourceTree = "<group>";
		};
		84E7EC8E1AF9DA0000E1473E /* Products */ = {
			isa = PBXGroup;
			children = (
				84E7EC8D1AF9DA0000E1473E /* Parser.app */,
				84E7ECA61AF9DA0000E1473E /* ParserTests.xctest */,
			);
			name = Products;
			sourceTree = "<group>";
		};
		84E7EC8F1AF9DA0000E1473E /* Parser */ = {
			isa = PBXGroup;
			children = (
				84E7EC941AF9DA0000E1473E /* AppDelegate.h */,
				84E7EC951AF9DA0000E1473E /* AppDelegate.m */,
				84E7EC971AF9DA0000E1473E /* ViewController.h */,
				84E7EC981AF9DA0000E1473E /* ViewController.m */,
				84E7EC9D1AF9DA0000E1473E /* Images.xcassets */,
				84E7EC9F1AF9DA0000E1473E /* LaunchScreen.xib */,
				84E7EC901AF9DA0000E1473E /* Supporting Files */,
				84E7ECB61AF9DAB900E1473E /* ParserTableViewController.h */,
				84E7ECB71AF9DAB900E1473E /* ParserTableViewController.m */,
				84E7ECB81AF9DAB900E1473E /* ParserTableViewController.xib */,
			);
			path = Parser;
			sourceTree = "<group>";
		};
		84E7EC901AF9DA0000E1473E /* Supporting Files */ = {
			isa = PBXGroup;
			children = (
				84E7EC911AF9DA0000E1473E /* Info.plist */,
				84E7EC921AF9DA0000E1473E /* main.m */,
			);
			name = "Supporting Files";
			sourceTree = "<group>";
		};
		84E7ECA91AF9DA0000E1473E /* ParserTests */ = {
			isa = PBXGroup;
			children = (
				84E7ECAC1AF9DA0000E1473E /* ParserTests.m */,
				84E7ECAA1AF9DA0000E1473E /* Supporting Files */,
			);
			path = ParserTests;
			sourceTree = "<group>";
		};
		84E7ECAA1AF9DA0000E1473E /* Supporting Files */ = {
			isa = PBXGroup;
			children = (
				84E7ECAB1AF9DA0000E1473E /* Info.plist */,
			);
			name = "Supporting Files";
			sourceTree = "<group>";
		};
/* End PBXGroup section */

/* Begin PBXNativeTarget section */
		84E7EC8C1AF9DA0000E1473E /* Parser */ = {
			isa = PBXNativeTarget;
			buildConfigurationList = 84E7ECB01AF9DA0000E1473E /* Build configuration list for PBXNativeTarget "Parser" */;
			buildPhases = (
				84E7EC891AF9DA0000E1473E /* Sources */,
				84E7EC8A1AF9DA0000E1473E /* Frameworks */,
				84E7EC8B1AF9DA0000E1473E /* Resources */,
			);
			buildRules = (
			);
			dependencies = (
			);
			name = Parser;
			productName = Parser;
			productReference = 84E7EC8D1AF9DA0000E1473E /* Parser.app */;
			productType = "com.apple.product-type.application";
		};
		84E7ECA51AF9DA0000E1473E /* ParserTests */ = {
			isa = PBXNativeTarget;
			buildConfigurationList = 84E7ECB31AF9DA0000E1473E /* Build configuration list for PBXNativeTarget "ParserTests" */;
			buildPhases = (
				84E7ECA21AF9DA0000E1473E /* Sources */,
				84E7ECA31AF9DA0000E1473E /* Frameworks */,
				84E7ECA41AF9DA0000E1473E /* Resources */,
			);
			buildRules = (
			);
			dependencies = (
				84E7ECA81AF9DA0000E1473E /* PBXTargetDependency */,
			);
			name = ParserTests;
			productName = ParserTests;
			productReference = 84E7ECA61AF9DA0000E1473E /* ParserTests.xctest */;
			productType = "com.apple.product-type.bundle.unit-test";
		};
/* End PBXNativeTarget section */

/* Begin PBXProject section */
		84E7EC851AF9DA0000E1473E /* Project object */ = {
			isa = PBXProject;
			attributes = {
				LastUpgradeCheck = 0630;
				ORGANIZATIONNAME = intent;
				TargetAttributes = {
					84E7EC8C1AF9DA0000E1473E = {
						CreatedOnToolsVersion = 6.3;
					};
					84E7ECA51AF9DA0000E1473E = {
						CreatedOnToolsVersion = 6.3;
						TestTargetID = 84E7EC8C1AF9DA0000E1473E;
					};
				};
			};
			buildConfigurationList = 84E7EC881AF9DA0000E1473E /* Build configuration list for PBXProject "Parser" */;
			compatibilityVersion = "Xcode 3.2";
			developmentRegion = English;
			hasScannedForEncodings = 0;
			knownRegions = (
				en,
				Base,
			);
			mainGroup = 84E7EC841AF9DA0000E1473E;
			productRefGroup = 84E7EC8E1AF9DA0000E1473E /* Products */;
			projectDirPath = "";
			projectRoot = "";
			targets = (
				84E7EC8C1AF9DA0000E1473E /* Parser */,
				84E7ECA51AF9DA0000E1473E /* ParserTests */,
			);
		};
/* End PBXProject section */

/* Begin PBXResourcesBuildPhase section */
		84E7EC8B1AF9DA0000E1473E /* Resources */ = {
			isa = PBXResourcesBuildPhase;
			buildActionMask = 2147483647;
			files = (
				84E7ECBA1AF9DAB900E1473E /* ParserTableViewController.xib in Resources */,
				84E7ECA11AF9DA0000E1473E /* LaunchScreen.xib in Resources */,
				84E7EC9E1AF9DA0000E1473E /* Images.xcassets in Resources */,
			);
			runOnlyForDeploymentPostprocessing = 0;
		};
		84E7ECA41AF9DA0000E1473E /* Resources */ = {
			isa = PBXResourcesBuildPhase;
			buildActionMask = 2147483647;
			files = (
			);
			runOnlyForDeploymentPostprocessing = 0;
		};
/* End PBXResourcesBuildPhase section */

/* Begin PBXSourcesBuildPhase section */
		84E7EC891AF9DA0000E1473E /* Sources */ = {
			isa = PBXSourcesBuildPhase;
			buildActionMask = 2147483647;
			files = (
				84E7EC991AF9DA0000E1473E /* ViewController.m in Sources */,
				84E7EC961AF9DA0000E1473E /* AppDelegate.m in Sources */,
				84E7ECB91AF9DAB900E1473E /* ParserTableViewController.m in Sources */,
				84E7EC931AF9DA0000E1473E /* main.m in Sources */,
			);
			runOnlyForDeploymentPostprocessing = 0;
		};
		84E7ECA21AF9DA0000E1473E /* Sources */ = {
			isa = PBXSourcesBuildPhase;
			buildActionMask = 2147483647;
			files = (
				84E7ECAD1AF9DA0000E1473E /* ParserTests.m in Sources */,
			);
			runOnlyForDeploymentPostprocessing = 0;
		};
/* End PBXSourcesBuildPhase section */

/* Begin PBXTargetDependency section */
		84E7ECA81AF9DA0000E1473E /* PBXTargetDependency */ = {
			isa = PBXTargetDependency;
			target = 84E7EC8C1AF9DA0000E1473E /* Parser */;
			targetProxy = 84E7ECA71AF9DA0000E1473E /* PBXContainerItemProxy */;
		};
/* End PBXTargetDependency section */

/* Begin PBXVariantGroup section */
		84E7EC9F1AF9DA0000E1473E /* LaunchScreen.xib */ = {
			isa = PBXVariantGroup;
			children = (
				84E7ECA01AF9DA0000E1473E /* Base */,
			);
			name = LaunchScreen.xib;
			sourceTree = "<group>";
		};
/* End PBXVariantGroup section */

/* Begin XCBuildConfiguration section */
		84E7ECAE1AF9DA0000E1473E /* Debug */ = {
			isa = XCBuildConfiguration;
			buildSettings = {
				ALWAYS_SEARCH_USER_PATHS = NO;
				CLANG_CXX_LANGUAGE_STANDARD = "gnu++0x";
				CLANG_CXX_LIBRARY = "libc++";
				CLANG_ENABLE_MODULES = YES;
				CLANG_ENABLE_OBJC_ARC = YES;
				CLANG_WARN_BOOL_CONVERSION = YES;
				CLANG_WARN_CONSTANT_CONVERSION = YES;
				CLANG_WARN_DIRECT_OBJC_ISA_USAGE = YES_ERROR;
				CLANG_WARN_EMPTY_BODY = YES;
				CLANG_WARN_ENUM_CONVERSION = YES;
				CLANG_WARN_INT_CONVERSION = YES;
				CLANG_WARN_OBJC_ROOT_CLASS = YES_ERROR;
				CLANG_WARN_UNREACHABLE_CODE = YES;
				CLANG_WARN__DUPLICATE_METHOD_MATCH = YES;
				"CODE_SIGN_IDENTITY[sdk=iphoneos*]" = "iPhone Developer";
				COPY_PHASE_STRIP = NO;
				DEBUG_INFORMATION_FORMAT = "dwarf-with-dsym";
				ENABLE_STRICT_OBJC_MSGSEND = YES;
				GCC_C_LANGUAGE_STANDARD = gnu99;
				GCC_DYNAMIC_NO_PIC = NO;
				GCC_NO_COMMON_BLOCKS = YES;
				GCC_OPTIMIZATION_LEVEL = 0;
				GCC_PREPROCESSOR_DEFINITIONS = (
					"DEBUG=1",
					"$(inherited)",
				);
				GCC_SYMBOLS_PRIVATE_EXTERN = NO;
				GCC_WARN_64_TO_32_BIT_CONVERSION = YES;
				GCC_WARN_ABOUT_RETURN_TYPE = YES_ERROR;
				GCC_WARN_UNDECLARED_SELECTOR = YES;
				GCC_WARN_UNINITIALIZED_AUTOS = YES_AGGRESSIVE;
				GCC_WARN_UNUSED_FUNCTION = YES;
				GCC_WARN_UNUSED_VARIABLE = YES;
				IPHONEOS_DEPLOYMENT_TARGET = 8.3;
				MTL_ENABLE_DEBUG_INFO = YES;
				ONLY_ACTIVE_ARCH = YES;
				SDKROOT = iphoneos;
			};
			name = Debug;
		};
		84E7ECAF1AF9DA0000E1473E /* Release */ = {
			isa = XCBuildConfiguration;
			buildSettings = {
				ALWAYS_SEARCH_USER_PATHS = NO;
				CLANG_CXX_LANGUAGE_STANDARD = "gnu++0x";
				CLANG_CXX_LIBRARY = "libc++";
				CLANG_ENABLE_MODULES = YES;
				CLANG_ENABLE_OBJC_ARC = YES;
				CLANG_WARN_BOOL_CONVERSION = YES;
				CLANG_WARN_CONSTANT_CONVERSION = YES;
				CLANG_WARN_DIRECT_OBJC_ISA_USAGE = YES_ERROR;
				CLANG_WARN_EMPTY_BODY = YES;
				CLANG_WARN_ENUM_CONVERSION = YES;
				CLANG_WARN_INT_CONVERSION = YES;
				CLANG_WARN_OBJC_ROOT_CLASS = YES_ERROR;
				CLANG_WARN_UNREACHABLE_CODE = YES;
				CLANG_WARN__DUPLICATE_METHOD_MATCH = YES;
				"CODE_SIGN_IDENTITY[sdk=iphoneos*]" = "iPhone Developer";
				COPY_PHASE_STRIP = NO;
				DEBUG_INFORMATION_FORMAT = "dwarf-with-dsym";
				ENABLE_NS_ASSERTIONS = NO;
				ENABLE_STRICT_OBJC_MSGSEND = YES;
				GCC_C_LANGUAGE_STANDARD = gnu99;
				GCC_NO_COMMON_BLOCKS = YES;
				GCC_WARN_64_TO_32_BIT_CONVERSION = YES;
				GCC_WARN_ABOUT_RETURN_TYPE = YES_ERROR;
				GCC_WARN_UNDECLARED_SELECTOR = YES;
				GCC_WARN_UNINITIALIZED_AUTOS = YES_AGGRESSIVE;
				GCC_WARN_UNUSED_FUNCTION = YES;
				GCC_WARN_UNUSED_VARIABLE = YES;
				IPHONEOS_DEPLOYMENT_TARGET = 8.3;
				MTL_ENABLE_DEBUG_INFO = NO;
				SDKROOT = iphoneos;
				VALIDATE_PRODUCT = YES;
			};
			name = Release;
		};
		84E7ECB11AF9DA0000E1473E /* Debug */ = {
			isa = XCBuildConfiguration;
			buildSettings = {
				ASSETCATALOG_COMPILER_APPICON_NAME = AppIcon;
				INFOPLIST_FILE = Parser/Info.plist;
				LD_RUNPATH_SEARCH_PATHS = "$(inherited) @executable_path/Frameworks";
				PRODUCT_NAME = "$(TARGET_NAME)";
			};
			name = Debug;
		};
		84E7ECB21AF9DA0000E1473E /* Release */ = {
			isa = XCBuildConfiguration;
			buildSettings = {
				ASSETCATALOG_COMPILER_APPICON_NAME = AppIcon;
				INFOPLIST_FILE = Parser/Info.plist;
				LD_RUNPATH_SEARCH_PATHS = "$(inherited) @executable_path/Frameworks";
				PRODUCT_NAME = "$(TARGET_NAME)";
			};
			name = Release;
		};
		84E7ECB41AF9DA0000E1473E /* Debug */ = {
			isa = XCBuildConfiguration;
			buildSettings = {
				BUNDLE_LOADER = "$(TEST_HOST)";
				FRAMEWORK_SEARCH_PATHS = (
					"$(SDKROOT)/Developer/Library/Frameworks",
					"$(inherited)",
				);
				GCC_PREPROCESSOR_DEFINITIONS = (
					"DEBUG=1",
					"$(inherited)",
				);
				INFOPLIST_FILE = ParserTests/Info.plist;
				LD_RUNPATH_SEARCH_PATHS = "$(inherited) @executable_path/Frameworks @loader_path/Frameworks";
				PRODUCT_NAME = "$(TARGET_NAME)";
				TEST_HOST = "$(BUILT_PRODUCTS_DIR)/Parser.app/Parser";
			};
			name = Debug;
		};
		84E7ECB51AF9DA0000E1473E /* Release */ = {
			isa = XCBuildConfiguration;
			buildSettings = {
				BUNDLE_LOADER = "$(TEST_HOST)";
				FRAMEWORK_SEARCH_PATHS = (
					"$(SDKROOT)/Developer/Library/Frameworks",
					"$(inherited)",
				);
				INFOPLIST_FILE = ParserTests/Info.plist;
				LD_RUNPATH_SEARCH_PATHS = "$(inherited) @executable_path/Frameworks @loader_path/Frameworks";
				PRODUCT_NAME = "$(TARGET_NAME)";
				TEST_HOST = "$(BUILT_PRODUCTS_DIR)/Parser.app/Parser";
			};
			name = Release;
		};
/* End XCBuildConfiguration section */

/* Begin XCConfigurationList section */
		84E7EC881AF9DA0000E1473E /* Build configuration list for PBXProject "Parser" */ = {
			isa = XCConfigurationList;
			buildConfigurations = (
				84E7ECAE1AF9DA0000E1473E /* Debug */,
				84E7ECAF1AF9DA0000E1473E /* Release */,
			);
			defaultConfigurationIsVisible = 0;
			defaultConfigurationName = Release;
		};
		84E7ECB01AF9DA0000E1473E /* Build configuration list for PBXNativeTarget "Parser" */ = {
			isa = XCConfigurationList;
			buildConfigurations = (
				84E7ECB11AF9DA0000E1473E /* Debug */,
				84E7ECB21AF9DA0000E1473E /* Release */,
			);
			defaultConfigurationIsVisible = 0;
		};
		84E7ECB31AF9DA0000E1473E /* Build configuration list for PBXNativeTarget "ParserTests" */ = {
			isa = XCConfigurationList;
			buildConfigurations = (
				84E7ECB41AF9DA0000E1473E /* Debug */,
				84E7ECB51AF9DA0000E1473E /* Release */,
			);
			defaultConfigurationIsVisible = 0;
		};
/* End XCConfigurationList section */
	};
	rootObject = 84E7EC851AF9DA0000E1473E /* Project object */;
}
